// !$*UTF8*$!
{
	archiveVersion = 1;
	classes = {
	};
	objectVersion = 46;
	objects = {

/* Begin PBXBuildFile section */
		DE858DA11F0CD99F00B3B97B /* AppDelegate.swift in Sources */ = {isa = PBXBuildFile; fileRef = DE858DA01F0CD99F00B3B97B /* AppDelegate.swift */; };
		DE858DA31F0CD99F00B3B97B /* ViewController.swift in Sources */ = {isa = PBXBuildFile; fileRef = DE858DA21F0CD99F00B3B97B /* ViewController.swift */; };
		DE858DA61F0CD99F00B3B97B /* Main.storyboard in Resources */ = {isa = PBXBuildFile; fileRef = DE858DA41F0CD99F00B3B97B /* Main.storyboard */; };
		DE858DA81F0CD99F00B3B97B /* Assets.xcassets in Resources */ = {isa = PBXBuildFile; fileRef = DE858DA71F0CD99F00B3B97B /* Assets.xcassets */; };
		DE858DAB1F0CD99F00B3B97B /* LaunchScreen.storyboard in Resources */ = {isa = PBXBuildFile; fileRef = DE858DA91F0CD99F00B3B97B /* LaunchScreen.storyboard */; };
/* End PBXBuildFile section */

/* Begin PBXFileReference section */
		DE858D9D1F0CD99E00B3B97B /* webBrowser.app */ = {isa = PBXFileReference; explicitFileType = wrapper.application; includeInIndex = 0; path = webBrowser.app; sourceTree = BUILT_PRODUCTS_DIR; };
		DE858DA01F0CD99F00B3B97B /* AppDelegate.swift */ = {isa = PBXFileReference; lastKnownFileType = sourcecode.swift; path = AppDelegate.swift; sourceTree = "<group>"; };
		DE858DA21F0CD99F00B3B97B /* ViewController.swift */ = {isa = PBXFileReference; lastKnownFileType = sourcecode.swift; path = ViewController.swift; sourceTree = "<group>"; };
		DE858DA51F0CD99F00B3B97B /* Base */ = {isa = PBXFileReference; lastKnownFileType = file.storyboard; name = Base; path = Base.lproj/Main.storyboard; sourceTree = "<group>"; };
		DE858DA71F0CD99F00B3B97B /* Assets.xcassets */ = {isa = PBXFileReference; lastKnownFileType = folder.assetcatalog; path = Assets.xcassets; sourceTree = "<group>"; };
		DE858DAA1F0CD99F00B3B97B /* Base */ = {isa = PBXFileReference; lastKnownFileType = file.storyboard; name = Base; path = Base.lproj/LaunchScreen.storyboard; sourceTree = "<group>"; };
		DE858DAC1F0CD99F00B3B97B /* Info.plist */ = {isa = PBXFileReference; lastKnownFileType = text.plist.xml; path = Info.plist; sourceTree = "<group>"; };
/* End PBXFileReference section */

/* Begin PBXFrameworksBuildPhase section */
		DE858D9A1F0CD99E00B3B97B /* Frameworks */ = {
			isa = PBXFrameworksBuildPhase;
			buildActionMask = 2147483647;
			files = (
			);
			runOnlyForDeploymentPostprocessing = 0;
		};
/* End PBXFrameworksBuildPhase section */

/* Begin PBXGroup section */
		DE858D941F0CD99E00B3B97B = {
			isa = PBXGroup;
			children = (
				DE858D9F1F0CD99E00B3B97B /* webBrowser */,
				DE858D9E1F0CD99E00B3B97B /* Products */,
			);
			sourceTree = "<group>";
		};
		DE858D9E1F0CD99E00B3B97B /* Products */ = {
			isa = PBXGroup;
			children = (
				DE858D9D1F0CD99E00B3B97B /* webBrowser.app */,
			);
			name = Products;
			sourceTree = "<group>";
		};
		DE858D9F1F0CD99E00B3B97B /* webBrowser */ = {
			isa = PBXGroup;
			children = (
				DE858DA01F0CD99F00B3B97B /* AppDelegate.swift */,
				DE858DA21F0CD99F00B3B97B /* ViewController.swift */,
				DE858DA41F0CD99F00B3B97B /* Main.storyboard */,
				DE858DA71F0CD99F00B3B97B /* Assets.xcassets */,
				DE858DA91F0CD99F00B3B97B /* LaunchScreen.storyboard */,
				DE858DAC1F0CD99F00B3B97B /* Info.plist */,
			);
			path = webBrowser;
			sourceTree = "<group>";
		};
/* End PBXGroup section */

/* Begin PBXNativeTarget section */
		DE858D9C1F0CD99E00B3B97B /* webBrowser */ = {
			isa = PBXNativeTarget;
			buildConfigurationList = DE858DAF1F0CD99F00B3B97B /* Build configuration list for PBXNativeTarget "webBrowser" */;
			buildPhases = (
				DE858D991F0CD99E00B3B97B /* Sources */,
				DE858D9A1F0CD99E00B3B97B /* Frameworks */,
				DE858D9B1F0CD99E00B3B97B /* Resources */,
			);
			buildRules = (
			);
			dependencies = (
			);
			name = webBrowser;
			productName = webBrowser;
			productReference = DE858D9D1F0CD99E00B3B97B /* webBrowser.app */;
			productType = "com.apple.product-type.application";
		};
/* End PBXNativeTarget section */

/* Begin PBXProject section */
		DE858D951F0CD99E00B3B97B /* Project object */ = {
			isa = PBXProject;
			attributes = {
				LastSwiftUpdateCheck = 0830;
				LastUpgradeCheck = 0830;
				ORGANIZATIONNAME = Medhatm3bd;
				TargetAttributes = {
					DE858D9C1F0CD99E00B3B97B = {
						CreatedOnToolsVersion = 8.3.2;
						DevelopmentTeam = 75W46TW7GG;
						ProvisioningStyle = Automatic;
					};
				};
			};
			buildConfigurationList = DE858D981F0CD99E00B3B97B /* Build configuration list for PBXProject "webBrowser" */;
			compatibilityVersion = "Xcode 3.2";
			developmentRegion = English;
			hasScannedForEncodings = 0;
			knownRegions = (
				en,
				Base,
			);
			mainGroup = DE858D941F0CD99E00B3B97B;
			productRefGroup = DE858D9E1F0CD99E00B3B97B /* Products */;
			projectDirPath = "";
			projectRoot = "";
			targets = (
				DE858D9C1F0CD99E00B3B97B /* webBrowser */,
			);
		};
/* End PBXProject section */

/* Begin PBXResourcesBuildPhase section */
		DE858D9B1F0CD99E00B3B97B /* Resources */ = {
			isa = PBXResourcesBuildPhase;
			buildActionMask = 2147483647;
			files = (
				DE858DAB1F0CD99F00B3B97B /* LaunchScreen.storyboard in Resources */,
				DE858DA81F0CD99F00B3B97B /* Assets.xcassets in Resources */,
				DE858DA61F0CD99F00B3B97B /* Main.storyboard in Resources */,
			);
			runOnlyForDeploymentPostprocessing = 0;
		};
/* End PBXResourcesBuildPhase section */

/* Begin PBXSourcesBuildPhase section */
		DE858D991F0CD99E00B3B97B /* Sources */ = {
			isa = PBXSourcesBuildPhase;
			buildActionMask = 2147483647;
			files = (
				DE858DA31F0CD99F00B3B97B /* ViewController.swift in Sources */,
				DE858DA11F0CD99F00B3B97B /* AppDelegate.swift in Sources */,
			);
			runOnlyForDeploymentPostprocessing = 0;
		};
/* End PBXSourcesBuildPhase section */

/* Begin PBXVariantGroup section */
		DE858DA41F0CD99F00B3B97B /* Main.storyboard */ = {
			isa = PBXVariantGroup;
			children = (
				DE858DA51F0CD99F00B3B97B /* Base */,
			);
			name = Main.storyboard;
			sourceTree = "<group>";
		};
		DE858DA91F0CD99F00B3B97B /* LaunchScreen.storyboard */ = {
			isa = PBXVariantGroup;
			children = (
				DE858DAA1F0CD99F00B3B97B /* Base */,
			);
			name = LaunchScreen.storyboard;
			sourceTree = "<group>";
		};
/* End PBXVariantGroup section */

/* Begin XCBuildConfiguration section */
		DE858DAD1F0CD99F00B3B97B /* Debug */ = {
			isa = XCBuildConfiguration;
			buildSettings = {
				ALWAYS_SEARCH_USER_PATHS = NO;
				CLANG_ANALYZER_NONNULL = YES;
				CLANG_ANALYZER_NUMBER_OBJECT_CONVERSION = YES_AGGRESSIVE;
				CLANG_CXX_LANGUAGE_STANDARD = "gnu++0x";
				CLANG_CXX_LIBRARY = "libc++";
				CLANG_ENABLE_MODULES = YES;
				CLANG_ENABLE_OBJC_ARC = YES;
				CLANG_WARN_BOOL_CONVERSION = YES;
				CLANG_WARN_CONSTANT_CONVERSION = YES;
				CLANG_WARN_DIRECT_OBJC_ISA_USAGE = YES_ERROR;
				CLANG_WARN_DOCUMENTATION_COMMENTS = YES;
				CLANG_WARN_EMPTY_BODY = YES;
				CLANG_WARN_ENUM_CONVERSION = YES;
				CLANG_WARN_INFINITE_RECURSION = YES;
				CLANG_WARN_INT_CONVERSION = YES;
				CLANG_WARN_OBJC_ROOT_CLASS = YES_ERROR;
				CLANG_WARN_SUSPICIOUS_MOVE = YES;
				CLANG_WARN_UNREACHABLE_CODE = YES;
				CLANG_WARN__DUPLICATE_METHOD_MATCH = YES;
				"CODE_SIGN_IDENTITY[sdk=iphoneos*]" = "iPhone Developer";
				COPY_PHASE_STRIP = NO;
				DEBUG_INFORMATION_FORMAT = dwarf;
				ENABLE_STRICT_OBJC_MSGSEND = YES;
				ENABLE_TESTABILITY = YES;
				GCC_C_LANGUAGE_STANDARD = gnu99;
				GCC_DYNAMIC_NO_PIC = NO;
				GCC_NO_COMMON_BLOCKS = YES;
				GCC_OPTIMIZATION_LEVEL = 0;
				GCC_PREPROCESSOR_DEFINITIONS = (
					"DEBUG=1",
					"$(inherited)",
				);
				GCC_WARN_64_TO_32_BIT_CONVERSION = YES;
				GCC_WARN_ABOUT_RETURN_TYPE = YES_ERROR;
				GCC_WARN_UNDECLARED_SELECTOR = YES;
				GCC_WARN_UNINITIALIZED_AUTOS = YES_AGGRESSIVE;
				GCC_WARN_UNUSED_FUNCTION = YES;
				GCC_WARN_UNUSED_VARIABLE = YES;
				IPHONEOS_DEPLOYMENT_TARGET = 10.3;
				MTL_ENABLE_DEBUG_INFO = YES;
				ONLY_ACTIVE_ARCH = YES;
				SDKROOT = iphoneos;
				SWIFT_ACTIVE_COMPILATION_CONDITIONS = DEBUG;
				SWIFT_OPTIMIZATION_LEVEL = "-Onone";
			};
			name = Debug;
		};
		DE858DAE1F0CD99F00B3B97B /* Release */ = {
			isa = XCBuildConfiguration;
			buildSettings = {
				ALWAYS_SEARCH_USER_PATHS = NO;
				CLANG_ANALYZER_NONNULL = YES;
				CLANG_ANALYZER_NUMBER_OBJECT_CONVERSION = YES_AGGRESSIVE;
				CLANG_CXX_LANGUAGE_STANDARD = "gnu++0x";
				CLANG_CXX_LIBRARY = "libc++";
				CLANG_ENABLE_MODULES = YES;
				CLANG_ENABLE_OBJC_ARC = YES;
				CLANG_WARN_BOOL_CONVERSION = YES;
				CLANG_WARN_CONSTANT_CONVERSION = YES;
				CLANG_WARN_DIRECT_OBJC_ISA_USAGE = YES_ERROR;
				CLANG_WARN_DOCUMENTATION_COMMENTS = YES;
				CLANG_WARN_EMPTY_BODY = YES;
				CLANG_WARN_ENUM_CONVERSION = YES;
				CLANG_WARN_INFINITE_RECURSION = YES;
				CLANG_WARN_INT_CONVERSION = YES;
				CLANG_WARN_OBJC_ROOT_CLASS = YES_ERROR;
				CLANG_WARN_SUSPICIOUS_MOVE = YES;
				CLANG_WARN_UNREACHABLE_CODE = YES;
				CLANG_WARN__DUPLICATE_METHOD_MATCH = YES;
				"CODE_SIGN_IDENTITY[sdk=iphoneos*]" = "iPhone Developer";
				COPY_PHASE_STRIP = NO;
				DEBUG_INFORMATION_FORMAT = "dwarf-with-dsym";
				ENABLE_NS_ASSERTIONS = NO;
				ENABLE_STRICT_OBJC_MSGSEND = YES;
				GCC_C_LANGUAGE_STANDARD = gnu99;
				GCC_NO_COMMON_BLOCKS = YES;
				GCC_WARN_64_TO_32_BIT_CONVERSION = YES;
				GCC_WARN_ABOUT_RETURN_TYPE = YES_ERROR;
				GCC_WARN_UNDECLARED_SELECTOR = YES;
				GCC_WARN_UNINITIALIZED_AUTOS = YES_AGGRESSIVE;
				GCC_WARN_UNUSED_FUNCTION = YES;
				GCC_WARN_UNUSED_VARIABLE = YES;
				IPHONEOS_DEPLOYMENT_TARGET = 10.3;
				MTL_ENABLE_DEBUG_INFO = NO;
				SDKROOT = iphoneos;
				SWIFT_OPTIMIZATION_LEVEL = "-Owholemodule";
				VALIDATE_PRODUCT = YES;
			};
			name = Release;
		};
		DE858DB01F0CD99F00B3B97B /* Debug */ = {
			isa = XCBuildConfiguration;
			buildSettings = {
				ASSETCATALOG_COMPILER_APPICON_NAME = AppIcon;
				DEVELOPMENT_TEAM = 75W46TW7GG;
				INFOPLIST_FILE = webBrowser/Info.plist;
				LD_RUNPATH_SEARCH_PATHS = "$(inherited) @executable_path/Frameworks";
				PRODUCT_BUNDLE_IDENTIFIER = com.medhatmebed.webBrowser;
				PRODUCT_NAME = "$(TARGET_NAME)";
				SWIFT_VERSION = 3.0;
			};
			name = Debug;
		};
		DE858DB11F0CD99F00B3B97B /* Release */ = {
			isa = XCBuildConfiguration;
			buildSettings = {
				ASSETCATALOG_COMPILER_APPICON_NAME = AppIcon;
				DEVELOPMENT_TEAM = 75W46TW7GG;
				INFOPLIST_FILE = webBrowser/Info.plist;
				LD_RUNPATH_SEARCH_PATHS = "$(inherited) @executable_path/Frameworks";
				PRODUCT_BUNDLE_IDENTIFIER = com.medhatmebed.webBrowser;
				PRODUCT_NAME = "$(TARGET_NAME)";
				SWIFT_VERSION = 3.0;
			};
			name = Release;
		};
/* End XCBuildConfiguration section */

/* Begin XCConfigurationList section */
		DE858D981F0CD99E00B3B97B /* Build configuration list for PBXProject "webBrowser" */ = {
			isa = XCConfigurationList;
			buildConfigurations = (
				DE858DAD1F0CD99F00B3B97B /* Debug */,
				DE858DAE1F0CD99F00B3B97B /* Release */,
			);
			defaultConfigurationIsVisible = 0;
			defaultConfigurationName = Release;
		};
		DE858DAF1F0CD99F00B3B97B /* Build configuration list for PBXNativeTarget "webBrowser" */ = {
			isa = XCConfigurationList;
			buildConfigurations = (
				DE858DB01F0CD99F00B3B97B /* Debug */,
				DE858DB11F0CD99F00B3B97B /* Release */,
			);
			defaultConfigurationIsVisible = 0;
			defaultConfigurationName = Release;
		};
/* End XCConfigurationList section */
	};
	rootObject = DE858D951F0CD99E00B3B97B /* Project object */;
}
